// !$*UTF8*$!
{
	archiveVersion = 1;
	classes = {
	};
	objectVersion = 50;
	objects = {

/* Begin PBXBuildFile section */
		8306583E257FF24E00AD80B8 /* AppDelegate.swift in Sources */ = {isa = PBXBuildFile; fileRef = 8306583D257FF24E00AD80B8 /* AppDelegate.swift */; };
		83065840257FF24E00AD80B8 /* ViewController.swift in Sources */ = {isa = PBXBuildFile; fileRef = 8306583F257FF24E00AD80B8 /* ViewController.swift */; };
		83065842257FF24F00AD80B8 /* Assets.xcassets in Resources */ = {isa = PBXBuildFile; fileRef = 83065841257FF24F00AD80B8 /* Assets.xcassets */; };
		83065845257FF24F00AD80B8 /* Main.storyboard in Resources */ = {isa = PBXBuildFile; fileRef = 83065843257FF24F00AD80B8 /* Main.storyboard */; };
		8306584F257FF27000AD80B8 /* crash.png in Resources */ = {isa = PBXBuildFile; fileRef = 8306584E257FF27000AD80B8 /* crash.png */; };
		83065852257FF27600AD80B8 /* README.md in Resources */ = {isa = PBXBuildFile; fileRef = 83065851257FF27600AD80B8 /* README.md */; };
		83065855257FF28C00AD80B8 /* MyGroup.swift in Sources */ = {isa = PBXBuildFile; fileRef = 83065854257FF28C00AD80B8 /* MyGroup.swift */; };
/* End PBXBuildFile section */

/* Begin PBXFileReference section */
		8306583A257FF24E00AD80B8 /* DispatchGroupSubclass.app */ = {isa = PBXFileReference; explicitFileType = wrapper.application; includeInIndex = 0; path = DispatchGroupSubclass.app; sourceTree = BUILT_PRODUCTS_DIR; };
		8306583D257FF24E00AD80B8 /* AppDelegate.swift */ = {isa = PBXFileReference; lastKnownFileType = sourcecode.swift; path = AppDelegate.swift; sourceTree = "<group>"; };
		8306583F257FF24E00AD80B8 /* ViewController.swift */ = {isa = PBXFileReference; lastKnownFileType = sourcecode.swift; path = ViewController.swift; sourceTree = "<group>"; };
		83065841257FF24F00AD80B8 /* Assets.xcassets */ = {isa = PBXFileReference; lastKnownFileType = folder.assetcatalog; path = Assets.xcassets; sourceTree = "<group>"; };
		83065844257FF24F00AD80B8 /* Base */ = {isa = PBXFileReference; lastKnownFileType = file.storyboard; name = Base; path = Base.lproj/Main.storyboard; sourceTree = "<group>"; };
		83065846257FF24F00AD80B8 /* Info.plist */ = {isa = PBXFileReference; lastKnownFileType = text.plist.xml; path = Info.plist; sourceTree = "<group>"; };
		83065847257FF24F00AD80B8 /* DispatchGroupSubclass.entitlements */ = {isa = PBXFileReference; lastKnownFileType = text.plist.entitlements; path = DispatchGroupSubclass.entitlements; sourceTree = "<group>"; };
		8306584E257FF27000AD80B8 /* crash.png */ = {isa = PBXFileReference; lastKnownFileType = image.png; path = crash.png; sourceTree = "<group>"; };
		83065851257FF27600AD80B8 /* README.md */ = {isa = PBXFileReference; fileEncoding = 4; lastKnownFileType = net.daringfireball.markdown; path = README.md; sourceTree = "<group>"; };
		83065854257FF28C00AD80B8 /* MyGroup.swift */ = {isa = PBXFileReference; lastKnownFileType = sourcecode.swift; path = MyGroup.swift; sourceTree = "<group>"; };
/* End PBXFileReference section */

/* Begin PBXFrameworksBuildPhase section */
		83065837257FF24E00AD80B8 /* Frameworks */ = {
			isa = PBXFrameworksBuildPhase;
			buildActionMask = 2147483647;
			files = (
			);
			runOnlyForDeploymentPostprocessing = 0;
		};
/* End PBXFrameworksBuildPhase section */

/* Begin PBXGroup section */
		83065831257FF24E00AD80B8 = {
			isa = PBXGroup;
			children = (
				83065851257FF27600AD80B8 /* README.md */,
				8306584E257FF27000AD80B8 /* crash.png */,
				8306583C257FF24E00AD80B8 /* DispatchGroupSubclass */,
				8306583B257FF24E00AD80B8 /* Products */,
			);
			sourceTree = "<group>";
		};
		8306583B257FF24E00AD80B8 /* Products */ = {
			isa = PBXGroup;
			children = (
				8306583A257FF24E00AD80B8 /* DispatchGroupSubclass.app */,
			);
			name = Products;
			sourceTree = "<group>";
		};
		8306583C257FF24E00AD80B8 /* DispatchGroupSubclass */ = {
			isa = PBXGroup;
			children = (
				8306583D257FF24E00AD80B8 /* AppDelegate.swift */,
				8306583F257FF24E00AD80B8 /* ViewController.swift */,
				83065854257FF28C00AD80B8 /* MyGroup.swift */,
				83065841257FF24F00AD80B8 /* Assets.xcassets */,
				83065843257FF24F00AD80B8 /* Main.storyboard */,
				83065846257FF24F00AD80B8 /* Info.plist */,
				83065847257FF24F00AD80B8 /* DispatchGroupSubclass.entitlements */,
			);
			path = DispatchGroupSubclass;
			sourceTree = "<group>";
		};
/* End PBXGroup section */

/* Begin PBXNativeTarget section */
		83065839257FF24E00AD80B8 /* DispatchGroupSubclass */ = {
			isa = PBXNativeTarget;
			buildConfigurationList = 8306584A257FF24F00AD80B8 /* Build configuration list for PBXNativeTarget "DispatchGroupSubclass" */;
			buildPhases = (
				83065836257FF24E00AD80B8 /* Sources */,
				83065837257FF24E00AD80B8 /* Frameworks */,
				83065838257FF24E00AD80B8 /* Resources */,
			);
			buildRules = (
			);
			dependencies = (
			);
			name = DispatchGroupSubclass;
			productName = DispatchGroupSubclass;
			productReference = 8306583A257FF24E00AD80B8 /* DispatchGroupSubclass.app */;
			productType = "com.apple.product-type.application";
		};
/* End PBXNativeTarget section */

/* Begin PBXProject section */
		83065832257FF24E00AD80B8 /* Project object */ = {
			isa = PBXProject;
			attributes = {
				LastSwiftUpdateCheck = 1220;
				LastUpgradeCheck = 1220;
				TargetAttributes = {
					83065839257FF24E00AD80B8 = {
						CreatedOnToolsVersion = 12.2;
					};
				};
			};
			buildConfigurationList = 83065835257FF24E00AD80B8 /* Build configuration list for PBXProject "DispatchGroupSubclass" */;
			compatibilityVersion = "Xcode 9.3";
			developmentRegion = en;
			hasScannedForEncodings = 0;
			knownRegions = (
				en,
				Base,
			);
			mainGroup = 83065831257FF24E00AD80B8;
			productRefGroup = 8306583B257FF24E00AD80B8 /* Products */;
			projectDirPath = "";
			projectRoot = "";
			targets = (
				83065839257FF24E00AD80B8 /* DispatchGroupSubclass */,
			);
		};
/* End PBXProject section */

/* Begin PBXResourcesBuildPhase section */
		83065838257FF24E00AD80B8 /* Resources */ = {
			isa = PBXResourcesBuildPhase;
			buildActionMask = 2147483647;
			files = (
				8306584F257FF27000AD80B8 /* crash.png in Resources */,
				83065842257FF24F00AD80B8 /* Assets.xcassets in Resources */,
				83065852257FF27600AD80B8 /* README.md in Resources */,
				83065845257FF24F00AD80B8 /* Main.storyboard in Resources */,
			);
			runOnlyForDeploymentPostprocessing = 0;
		};
/* End PBXResourcesBuildPhase section */

/* Begin PBXSourcesBuildPhase section */
		83065836257FF24E00AD80B8 /* Sources */ = {
			isa = PBXSourcesBuildPhase;
			buildActionMask = 2147483647;
			files = (
				83065840257FF24E00AD80B8 /* ViewController.swift in Sources */,
				8306583E257FF24E00AD80B8 /* AppDelegate.swift in Sources */,
				83065855257FF28C00AD80B8 /* MyGroup.swift in Sources */,
			);
			runOnlyForDeploymentPostprocessing = 0;
		};
/* End PBXSourcesBuildPhase section */

/* Begin PBXVariantGroup section */
		83065843257FF24F00AD80B8 /* Main.storyboard */ = {
			isa = PBXVariantGroup;
			children = (
				83065844257FF24F00AD80B8 /* Base */,
			);
			name = Main.storyboard;
			sourceTree = "<group>";
		};
/* End PBXVariantGroup section */

/* Begin XCBuildConfiguration section */
		83065848257FF24F00AD80B8 /* Debug */ = {
			isa = XCBuildConfiguration;
			buildSettings = {
				ALWAYS_SEARCH_USER_PATHS = NO;
				CLANG_ANALYZER_NONNULL = YES;
				CLANG_ANALYZER_NUMBER_OBJECT_CONVERSION = YES_AGGRESSIVE;
				CLANG_CXX_LANGUAGE_STANDARD = "gnu++14";
				CLANG_CXX_LIBRARY = "libc++";
				CLANG_ENABLE_MODULES = YES;
				CLANG_ENABLE_OBJC_ARC = YES;
				CLANG_ENABLE_OBJC_WEAK = YES;
				CLANG_WARN_BLOCK_CAPTURE_AUTORELEASING = YES;
				CLANG_WARN_BOOL_CONVERSION = YES;
				CLANG_WARN_COMMA = YES;
				CLANG_WARN_CONSTANT_CONVERSION = YES;
				CLANG_WARN_DEPRECATED_OBJC_IMPLEMENTATIONS = YES;
				CLANG_WARN_DIRECT_OBJC_ISA_USAGE = YES_ERROR;
				CLANG_WARN_DOCUMENTATION_COMMENTS = YES;
				CLANG_WARN_EMPTY_BODY = YES;
				CLANG_WARN_ENUM_CONVERSION = YES;
				CLANG_WARN_INFINITE_RECURSION = YES;
				CLANG_WARN_INT_CONVERSION = YES;
				CLANG_WARN_NON_LITERAL_NULL_CONVERSION = YES;
				CLANG_WARN_OBJC_IMPLICIT_RETAIN_SELF = YES;
				CLANG_WARN_OBJC_LITERAL_CONVERSION = YES;
				CLANG_WARN_OBJC_ROOT_CLASS = YES_ERROR;
				CLANG_WARN_QUOTED_INCLUDE_IN_FRAMEWORK_HEADER = YES;
				CLANG_WARN_RANGE_LOOP_ANALYSIS = YES;
				CLANG_WARN_STRICT_PROTOTYPES = YES;
				CLANG_WARN_SUSPICIOUS_MOVE = YES;
				CLANG_WARN_UNGUARDED_AVAILABILITY = YES_AGGRESSIVE;
				CLANG_WARN_UNREACHABLE_CODE = YES;
				CLANG_WARN__DUPLICATE_METHOD_MATCH = YES;
				COPY_PHASE_STRIP = NO;
				DEBUG_INFORMATION_FORMAT = dwarf;
				ENABLE_STRICT_OBJC_MSGSEND = YES;
				ENABLE_TESTABILITY = YES;
				GCC_C_LANGUAGE_STANDARD = gnu11;
				GCC_DYNAMIC_NO_PIC = NO;
				GCC_NO_COMMON_BLOCKS = YES;
				GCC_OPTIMIZATION_LEVEL = 0;
				GCC_PREPROCESSOR_DEFINITIONS = (
					"DEBUG=1",
					"$(inherited)",
				);
				GCC_WARN_64_TO_32_BIT_CONVERSION = YES;
				GCC_WARN_ABOUT_RETURN_TYPE = YES_ERROR;
				GCC_WARN_UNDECLARED_SELECTOR = YES;
				GCC_WARN_UNINITIALIZED_AUTOS = YES_AGGRESSIVE;
				GCC_WARN_UNUSED_FUNCTION = YES;
				GCC_WARN_UNUSED_VARIABLE = YES;
				MACOSX_DEPLOYMENT_TARGET = 11.0;
				MTL_ENABLE_DEBUG_INFO = INCLUDE_SOURCE;
				MTL_FAST_MATH = YES;
				ONLY_ACTIVE_ARCH = YES;
				SDKROOT = macosx;
				SWIFT_ACTIVE_COMPILATION_CONDITIONS = DEBUG;
				SWIFT_OPTIMIZATION_LEVEL = "-Onone";
			};
			name = Debug;
		};
		83065849257FF24F00AD80B8 /* Release */ = {
			isa = XCBuildConfiguration;
			buildSettings = {
				ALWAYS_SEARCH_USER_PATHS = NO;
				CLANG_ANALYZER_NONNULL = YES;
				CLANG_ANALYZER_NUMBER_OBJECT_CONVERSION = YES_AGGRESSIVE;
				CLANG_CXX_LANGUAGE_STANDARD = "gnu++14";
				CLANG_CXX_LIBRARY = "libc++";
				CLANG_ENABLE_MODULES = YES;
				CLANG_ENABLE_OBJC_ARC = YES;
				CLANG_ENABLE_OBJC_WEAK = YES;
				CLANG_WARN_BLOCK_CAPTURE_AUTORELEASING = YES;
				CLANG_WARN_BOOL_CONVERSION = YES;
				CLANG_WARN_COMMA = YES;
				CLANG_WARN_CONSTANT_CONVERSION = YES;
				CLANG_WARN_DEPRECATED_OBJC_IMPLEMENTATIONS = YES;
				CLANG_WARN_DIRECT_OBJC_ISA_USAGE = YES_ERROR;
				CLANG_WARN_DOCUMENTATION_COMMENTS = YES;
				CLANG_WARN_EMPTY_BODY = YES;
				CLANG_WARN_ENUM_CONVERSION = YES;
				CLANG_WARN_INFINITE_RECURSION = YES;
				CLANG_WARN_INT_CONVERSION = YES;
				CLANG_WARN_NON_LITERAL_NULL_CONVERSION = YES;
				CLANG_WARN_OBJC_IMPLICIT_RETAIN_SELF = YES;
				CLANG_WARN_OBJC_LITERAL_CONVERSION = YES;
				CLANG_WARN_OBJC_ROOT_CLASS = YES_ERROR;
				CLANG_WARN_QUOTED_INCLUDE_IN_FRAMEWORK_HEADER = YES;
				CLANG_WARN_RANGE_LOOP_ANALYSIS = YES;
				CLANG_WARN_STRICT_PROTOTYPES = YES;
				CLANG_WARN_SUSPICIOUS_MOVE = YES;
				CLANG_WARN_UNGUARDED_AVAILABILITY = YES_AGGRESSIVE;
				CLANG_WARN_UNREACHABLE_CODE = YES;
				CLANG_WARN__DUPLICATE_METHOD_MATCH = YES;
				COPY_PHASE_STRIP = NO;
				DEBUG_INFORMATION_FORMAT = "dwarf-with-dsym";
				ENABLE_NS_ASSERTIONS = NO;
				ENABLE_STRICT_OBJC_MSGSEND = YES;
				GCC_C_LANGUAGE_STANDARD = gnu11;
				GCC_NO_COMMON_BLOCKS = YES;
				GCC_WARN_64_TO_32_BIT_CONVERSION = YES;
				GCC_WARN_ABOUT_RETURN_TYPE = YES_ERROR;
				GCC_WARN_UNDECLARED_SELECTOR = YES;
				GCC_WARN_UNINITIALIZED_AUTOS = YES_AGGRESSIVE;
				GCC_WARN_UNUSED_FUNCTION = YES;
				GCC_WARN_UNUSED_VARIABLE = YES;
				MACOSX_DEPLOYMENT_TARGET = 11.0;
				MTL_ENABLE_DEBUG_INFO = NO;
				MTL_FAST_MATH = YES;
				SDKROOT = macosx;
				SWIFT_COMPILATION_MODE = wholemodule;
				SWIFT_OPTIMIZATION_LEVEL = "-O";
			};
			name = Release;
		};
		8306584B257FF24F00AD80B8 /* Debug */ = {
			isa = XCBuildConfiguration;
			buildSettings = {
				ASSETCATALOG_COMPILER_APPICON_NAME = AppIcon;
				ASSETCATALOG_COMPILER_GLOBAL_ACCENT_COLOR_NAME = AccentColor;
				CODE_SIGN_ENTITLEMENTS = DispatchGroupSubclass/DispatchGroupSubclass.entitlements;
				CODE_SIGN_STYLE = Automatic;
				COMBINE_HIDPI_IMAGES = YES;
				DEVELOPMENT_TEAM = UZAPXQTVQ4;
				ENABLE_HARDENED_RUNTIME = YES;
				INFOPLIST_FILE = DispatchGroupSubclass/Info.plist;
				LD_RUNPATH_SEARCH_PATHS = (
					"$(inherited)",
					"@executable_path/../Frameworks",
				);
				PRODUCT_BUNDLE_IDENTIFIER = com.robertmryan.DispatchGroupSubclass;
				PRODUCT_NAME = "$(TARGET_NAME)";
				SWIFT_VERSION = 5.0;
			};
			name = Debug;
		};
		8306584C257FF24F00AD80B8 /* Release */ = {
			isa = XCBuildConfiguration;
			buildSettings = {
				ASSETCATALOG_COMPILER_APPICON_NAME = AppIcon;
				ASSETCATALOG_COMPILER_GLOBAL_ACCENT_COLOR_NAME = AccentColor;
				CODE_SIGN_ENTITLEMENTS = DispatchGroupSubclass/DispatchGroupSubclass.entitlements;
				CODE_SIGN_STYLE = Automatic;
				COMBINE_HIDPI_IMAGES = YES;
				DEVELOPMENT_TEAM = UZAPXQTVQ4;
				ENABLE_HARDENED_RUNTIME = YES;
				INFOPLIST_FILE = DispatchGroupSubclass/Info.plist;
				LD_RUNPATH_SEARCH_PATHS = (
					"$(inherited)",
					"@executable_path/../Frameworks",
				);
				PRODUCT_BUNDLE_IDENTIFIER = com.robertmryan.DispatchGroupSubclass;
				PRODUCT_NAME = "$(TARGET_NAME)";
				SWIFT_VERSION = 5.0;
			};
			name = Release;
		};
/* End XCBuildConfiguration section */

/* Begin XCConfigurationList section */
		83065835257FF24E00AD80B8 /* Build configuration list for PBXProject "DispatchGroupSubclass" */ = {
			isa = XCConfigurationList;
			buildConfigurations = (
				83065848257FF24F00AD80B8 /* Debug */,
				83065849257FF24F00AD80B8 /* Release */,
			);
			defaultConfigurationIsVisible = 0;
			defaultConfigurationName = Release;
		};
		8306584A257FF24F00AD80B8 /* Build configuration list for PBXNativeTarget "DispatchGroupSubclass" */ = {
			isa = XCConfigurationList;
			buildConfigurations = (
				8306584B257FF24F00AD80B8 /* Debug */,
				8306584C257FF24F00AD80B8 /* Release */,
			);
			defaultConfigurationIsVisible = 0;
			defaultConfigurationName = Release;
		};
/* End XCConfigurationList section */
	};
	rootObject = 83065832257FF24E00AD80B8 /* Project object */;
}
